
Microsoft Visual Studio Solution File, Format Version 12.00
# Visual Studio Version 16
VisualStudioVersion = 16.0.31515.178
MinimumVisualStudioVersion = 10.0.40219.1
Project("{FAE04EC0-301F-11D3-BF4B-00C04F79EFBC}") = "DemoProject", "DemoProject\DemoProject.csproj", "{C250D5B7-B7E1-4943-BC69-F19CEC413091}"
EndProject
Global
	GlobalSection(SolutionConfigurationPlatforms) = preSolution
		Debug|Any CPU = Debug|Any CPU
		Release|Any CPU = Release|Any CPU
	EndGlobalSection
	GlobalSection(ProjectConfigurationPlatforms) = postSolution
		{C250D5B7-B7E1-4943-BC69-F19CEC413091}.Debug|Any CPU.ActiveCfg = Debug|Any CPU
		{C250D5B7-B7E1-4943-BC69-F19CEC413091}.Debug|Any CPU.Build.0 = Debug|Any CPU
		{C250D5B7-B7E1-4943-BC69-F19CEC413091}.Release|Any CPU.ActiveCfg = Release|Any CPU
		{C250D5B7-B7E1-4943-BC69-F19CEC413091}.Release|Any CPU.Build.0 = Release|Any CPU
	EndGlobalSection
	GlobalSection(SolutionProperties) = preSolution
		HideSolutionNode = FALSE
	EndGlobalSection
	GlobalSection(ExtensibilityGlobals) = postSolution
		SolutionGuid = {6A821F69-FF8E-451C-A018-A5B6203D5901}
	EndGlobalSection
EndGlobal
